// !$*UTF8*$!
{
	archiveVersion = 1;
	classes = {
	};
	objectVersion = 46;
	objects = {

/* Begin PBXBuildFile section */
		2001C1EA1862339400BE9E8E /* Main.storyboard in Resources */ = {isa = PBXBuildFile; fileRef = 2001C1EC1862339400BE9E8E /* Main.storyboard */; };
		2001C20118623A1600BE9E8E /* Localizable.strings in Resources */ = {isa = PBXBuildFile; fileRef = 2001C20318623A1600BE9E8E /* Localizable.strings */; };
		2001C20818623E1F00BE9E8E /* ICInfluxDbClient.m in Sources */ = {isa = PBXBuildFile; fileRef = 2001C20718623E1F00BE9E8E /* ICInfluxDbClient.m */; };
		2011797D1860DAAC008FEFC5 /* ICSendDatapointViewController.m in Sources */ = {isa = PBXBuildFile; fileRef = 2011797C1860DAAC008FEFC5 /* ICSendDatapointViewController.m */; };
		202B0A39185F7EF4003424D5 /* Foundation.framework in Frameworks */ = {isa = PBXBuildFile; fileRef = 202B0A38185F7EF4003424D5 /* Foundation.framework */; };
		202B0A3B185F7EF4003424D5 /* CoreGraphics.framework in Frameworks */ = {isa = PBXBuildFile; fileRef = 202B0A3A185F7EF4003424D5 /* CoreGraphics.framework */; };
		202B0A3D185F7EF4003424D5 /* UIKit.framework in Frameworks */ = {isa = PBXBuildFile; fileRef = 202B0A3C185F7EF4003424D5 /* UIKit.framework */; };
		202B0A43185F7EF4003424D5 /* InfoPlist.strings in Resources */ = {isa = PBXBuildFile; fileRef = 202B0A41185F7EF4003424D5 /* InfoPlist.strings */; };
		202B0A45185F7EF4003424D5 /* main.m in Sources */ = {isa = PBXBuildFile; fileRef = 202B0A44185F7EF4003424D5 /* main.m */; };
		202B0A49185F7EF4003424D5 /* ICAppDelegate.m in Sources */ = {isa = PBXBuildFile; fileRef = 202B0A48185F7EF4003424D5 /* ICAppDelegate.m */; };
		202B0A4B185F7EF4003424D5 /* Images.xcassets in Resources */ = {isa = PBXBuildFile; fileRef = 202B0A4A185F7EF4003424D5 /* Images.xcassets */; };
		202B0A52185F7EF4003424D5 /* XCTest.framework in Frameworks */ = {isa = PBXBuildFile; fileRef = 202B0A51185F7EF4003424D5 /* XCTest.framework */; };
		202B0A53185F7EF4003424D5 /* Foundation.framework in Frameworks */ = {isa = PBXBuildFile; fileRef = 202B0A38185F7EF4003424D5 /* Foundation.framework */; };
		202B0A54185F7EF4003424D5 /* UIKit.framework in Frameworks */ = {isa = PBXBuildFile; fileRef = 202B0A3C185F7EF4003424D5 /* UIKit.framework */; };
		202B0A5C185F7EF4003424D5 /* InfoPlist.strings in Resources */ = {isa = PBXBuildFile; fileRef = 202B0A5A185F7EF4003424D5 /* InfoPlist.strings */; };
		202B0A5E185F7EF4003424D5 /* influx_clientTests.m in Sources */ = {isa = PBXBuildFile; fileRef = 202B0A5D185F7EF4003424D5 /* influx_clientTests.m */; };
		20D0499C1863A52900BE12F6 /* ICURLConnectionDelegate.m in Sources */ = {isa = PBXBuildFile; fileRef = 20D0499B1863A52900BE12F6 /* ICURLConnectionDelegate.m */; };
		DF6012FFCB114964944B92A8 /* libPods.a in Frameworks */ = {isa = PBXBuildFile; fileRef = 7B4496BC647446E48D0D21DA /* libPods.a */; };
/* End PBXBuildFile section */

/* Begin PBXContainerItemProxy section */
		202B0A55185F7EF4003424D5 /* PBXContainerItemProxy */ = {
			isa = PBXContainerItemProxy;
			containerPortal = 202B0A2D185F7EF4003424D5 /* Project object */;
			proxyType = 1;
			remoteGlobalIDString = 202B0A34185F7EF4003424D5;
			remoteInfo = "influx-client";
		};
/* End PBXContainerItemProxy section */

/* Begin PBXFileReference section */
		2001C1ED1862339B00BE9E8E /* Base */ = {isa = PBXFileReference; lastKnownFileType = file.storyboard; name = Base; path = Base.lproj/Main.storyboard; sourceTree = "<group>"; };
		2001C1F5186235FD00BE9E8E /* en */ = {isa = PBXFileReference; lastKnownFileType = text.plist.strings; name = en; path = en.lproj/Main.strings; sourceTree = "<group>"; };
		2001C20518623B4C00BE9E8E /* en */ = {isa = PBXFileReference; lastKnownFileType = text.plist.strings; name = en; path = en.lproj/Localizable.strings; sourceTree = "<group>"; };
		2001C20618623E1F00BE9E8E /* ICInfluxDbClient.h */ = {isa = PBXFileReference; fileEncoding = 4; lastKnownFileType = sourcecode.c.h; path = ICInfluxDbClient.h; sourceTree = "<group>"; };
		2001C20718623E1F00BE9E8E /* ICInfluxDbClient.m */ = {isa = PBXFileReference; fileEncoding = 4; lastKnownFileType = sourcecode.c.objc; path = ICInfluxDbClient.m; sourceTree = "<group>"; };
		2011797B1860DAAC008FEFC5 /* ICSendDatapointViewController.h */ = {isa = PBXFileReference; fileEncoding = 4; lastKnownFileType = sourcecode.c.h; path = ICSendDatapointViewController.h; sourceTree = "<group>"; };
		2011797C1860DAAC008FEFC5 /* ICSendDatapointViewController.m */ = {isa = PBXFileReference; fileEncoding = 4; lastKnownFileType = sourcecode.c.objc; path = ICSendDatapointViewController.m; sourceTree = "<group>"; };
		202B0A35185F7EF4003424D5 /* influx-client.app */ = {isa = PBXFileReference; explicitFileType = wrapper.application; includeInIndex = 0; path = "influx-client.app"; sourceTree = BUILT_PRODUCTS_DIR; };
		202B0A38185F7EF4003424D5 /* Foundation.framework */ = {isa = PBXFileReference; lastKnownFileType = wrapper.framework; name = Foundation.framework; path = System/Library/Frameworks/Foundation.framework; sourceTree = SDKROOT; };
		202B0A3A185F7EF4003424D5 /* CoreGraphics.framework */ = {isa = PBXFileReference; lastKnownFileType = wrapper.framework; name = CoreGraphics.framework; path = System/Library/Frameworks/CoreGraphics.framework; sourceTree = SDKROOT; };
		202B0A3C185F7EF4003424D5 /* UIKit.framework */ = {isa = PBXFileReference; lastKnownFileType = wrapper.framework; name = UIKit.framework; path = System/Library/Frameworks/UIKit.framework; sourceTree = SDKROOT; };
		202B0A40185F7EF4003424D5 /* influx-client-Info.plist */ = {isa = PBXFileReference; lastKnownFileType = text.plist.xml; path = "influx-client-Info.plist"; sourceTree = "<group>"; };
		202B0A42185F7EF4003424D5 /* en */ = {isa = PBXFileReference; lastKnownFileType = text.plist.strings; name = en; path = en.lproj/InfoPlist.strings; sourceTree = "<group>"; };
		202B0A44185F7EF4003424D5 /* main.m */ = {isa = PBXFileReference; lastKnownFileType = sourcecode.c.objc; path = main.m; sourceTree = "<group>"; };
		202B0A46185F7EF4003424D5 /* influx-client-Prefix.pch */ = {isa = PBXFileReference; lastKnownFileType = sourcecode.c.h; path = "influx-client-Prefix.pch"; sourceTree = "<group>"; };
		202B0A47185F7EF4003424D5 /* ICAppDelegate.h */ = {isa = PBXFileReference; lastKnownFileType = sourcecode.c.h; path = ICAppDelegate.h; sourceTree = "<group>"; };
		202B0A48185F7EF4003424D5 /* ICAppDelegate.m */ = {isa = PBXFileReference; lastKnownFileType = sourcecode.c.objc; path = ICAppDelegate.m; sourceTree = "<group>"; };
		202B0A4A185F7EF4003424D5 /* Images.xcassets */ = {isa = PBXFileReference; lastKnownFileType = folder.assetcatalog; path = Images.xcassets; sourceTree = "<group>"; };
		202B0A50185F7EF4003424D5 /* influx-clientTests.xctest */ = {isa = PBXFileReference; explicitFileType = wrapper.cfbundle; includeInIndex = 0; path = "influx-clientTests.xctest"; sourceTree = BUILT_PRODUCTS_DIR; };
		202B0A51185F7EF4003424D5 /* XCTest.framework */ = {isa = PBXFileReference; lastKnownFileType = wrapper.framework; name = XCTest.framework; path = Library/Frameworks/XCTest.framework; sourceTree = DEVELOPER_DIR; };
		202B0A59185F7EF4003424D5 /* influx-clientTests-Info.plist */ = {isa = PBXFileReference; lastKnownFileType = text.plist.xml; path = "influx-clientTests-Info.plist"; sourceTree = "<group>"; };
		202B0A5B185F7EF4003424D5 /* en */ = {isa = PBXFileReference; lastKnownFileType = text.plist.strings; name = en; path = en.lproj/InfoPlist.strings; sourceTree = "<group>"; };
		202B0A5D185F7EF4003424D5 /* influx_clientTests.m */ = {isa = PBXFileReference; lastKnownFileType = sourcecode.c.objc; path = influx_clientTests.m; sourceTree = "<group>"; };
		20D0499A1863A52900BE12F6 /* ICURLConnectionDelegate.h */ = {isa = PBXFileReference; fileEncoding = 4; lastKnownFileType = sourcecode.c.h; path = ICURLConnectionDelegate.h; sourceTree = "<group>"; };
		20D0499B1863A52900BE12F6 /* ICURLConnectionDelegate.m */ = {isa = PBXFileReference; fileEncoding = 4; lastKnownFileType = sourcecode.c.objc; path = ICURLConnectionDelegate.m; sourceTree = "<group>"; };
		7B4496BC647446E48D0D21DA /* libPods.a */ = {isa = PBXFileReference; explicitFileType = archive.ar; includeInIndex = 0; path = libPods.a; sourceTree = BUILT_PRODUCTS_DIR; };
		F0D9EE73990447BF819AAC11 /* Pods.xcconfig */ = {isa = PBXFileReference; includeInIndex = 1; lastKnownFileType = text.xcconfig; name = Pods.xcconfig; path = Pods/Pods.xcconfig; sourceTree = "<group>"; };
/* End PBXFileReference section */

/* Begin PBXFrameworksBuildPhase section */
		202B0A32185F7EF4003424D5 /* Frameworks */ = {
			isa = PBXFrameworksBuildPhase;
			buildActionMask = 2147483647;
			files = (
				202B0A3B185F7EF4003424D5 /* CoreGraphics.framework in Frameworks */,
				202B0A3D185F7EF4003424D5 /* UIKit.framework in Frameworks */,
				202B0A39185F7EF4003424D5 /* Foundation.framework in Frameworks */,
				DF6012FFCB114964944B92A8 /* libPods.a in Frameworks */,
			);
			runOnlyForDeploymentPostprocessing = 0;
		};
		202B0A4D185F7EF4003424D5 /* Frameworks */ = {
			isa = PBXFrameworksBuildPhase;
			buildActionMask = 2147483647;
			files = (
				202B0A52185F7EF4003424D5 /* XCTest.framework in Frameworks */,
				202B0A54185F7EF4003424D5 /* UIKit.framework in Frameworks */,
				202B0A53185F7EF4003424D5 /* Foundation.framework in Frameworks */,
			);
			runOnlyForDeploymentPostprocessing = 0;
		};
/* End PBXFrameworksBuildPhase section */

/* Begin PBXGroup section */
		202B0A2C185F7EF4003424D5 = {
			isa = PBXGroup;
			children = (
				202B0A3E185F7EF4003424D5 /* influx-client */,
				202B0A57185F7EF4003424D5 /* influx-clientTests */,
				202B0A37185F7EF4003424D5 /* Frameworks */,
				202B0A36185F7EF4003424D5 /* Products */,
				F0D9EE73990447BF819AAC11 /* Pods.xcconfig */,
			);
			sourceTree = "<group>";
		};
		202B0A36185F7EF4003424D5 /* Products */ = {
			isa = PBXGroup;
			children = (
				202B0A35185F7EF4003424D5 /* influx-client.app */,
				202B0A50185F7EF4003424D5 /* influx-clientTests.xctest */,
			);
			name = Products;
			sourceTree = "<group>";
		};
		202B0A37185F7EF4003424D5 /* Frameworks */ = {
			isa = PBXGroup;
			children = (
				202B0A38185F7EF4003424D5 /* Foundation.framework */,
				202B0A3A185F7EF4003424D5 /* CoreGraphics.framework */,
				202B0A3C185F7EF4003424D5 /* UIKit.framework */,
				202B0A51185F7EF4003424D5 /* XCTest.framework */,
				7B4496BC647446E48D0D21DA /* libPods.a */,
			);
			name = Frameworks;
			sourceTree = "<group>";
		};
		202B0A3E185F7EF4003424D5 /* influx-client */ = {
			isa = PBXGroup;
			children = (
				202B0A47185F7EF4003424D5 /* ICAppDelegate.h */,
				202B0A48185F7EF4003424D5 /* ICAppDelegate.m */,
				2001C1EC1862339400BE9E8E /* Main.storyboard */,
				202B0A4A185F7EF4003424D5 /* Images.xcassets */,
				202B0A3F185F7EF4003424D5 /* Supporting Files */,
				2011797B1860DAAC008FEFC5 /* ICSendDatapointViewController.h */,
				2011797C1860DAAC008FEFC5 /* ICSendDatapointViewController.m */,
				2001C20318623A1600BE9E8E /* Localizable.strings */,
				2001C20618623E1F00BE9E8E /* ICInfluxDbClient.h */,
				2001C20718623E1F00BE9E8E /* ICInfluxDbClient.m */,
				20D0499A1863A52900BE12F6 /* ICURLConnectionDelegate.h */,
				20D0499B1863A52900BE12F6 /* ICURLConnectionDelegate.m */,
			);
			path = "influx-client";
			sourceTree = "<group>";
		};
		202B0A3F185F7EF4003424D5 /* Supporting Files */ = {
			isa = PBXGroup;
			children = (
				202B0A40185F7EF4003424D5 /* influx-client-Info.plist */,
				202B0A41185F7EF4003424D5 /* InfoPlist.strings */,
				202B0A44185F7EF4003424D5 /* main.m */,
				202B0A46185F7EF4003424D5 /* influx-client-Prefix.pch */,
			);
			name = "Supporting Files";
			sourceTree = "<group>";
		};
		202B0A57185F7EF4003424D5 /* influx-clientTests */ = {
			isa = PBXGroup;
			children = (
				202B0A5D185F7EF4003424D5 /* influx_clientTests.m */,
				202B0A58185F7EF4003424D5 /* Supporting Files */,
			);
			path = "influx-clientTests";
			sourceTree = "<group>";
		};
		202B0A58185F7EF4003424D5 /* Supporting Files */ = {
			isa = PBXGroup;
			children = (
				202B0A59185F7EF4003424D5 /* influx-clientTests-Info.plist */,
				202B0A5A185F7EF4003424D5 /* InfoPlist.strings */,
			);
			name = "Supporting Files";
			sourceTree = "<group>";
		};
/* End PBXGroup section */

/* Begin PBXNativeTarget section */
		202B0A34185F7EF4003424D5 /* influx-client */ = {
			isa = PBXNativeTarget;
			buildConfigurationList = 202B0A61185F7EF4003424D5 /* Build configuration list for PBXNativeTarget "influx-client" */;
			buildPhases = (
				C0BB3689F3514EDFBC85AAF4 /* Check Pods Manifest.lock */,
				202B0A31185F7EF4003424D5 /* Sources */,
				202B0A32185F7EF4003424D5 /* Frameworks */,
				202B0A33185F7EF4003424D5 /* Resources */,
				5241172676464988832D67A8 /* Copy Pods Resources */,
			);
			buildRules = (
			);
			dependencies = (
			);
			name = "influx-client";
			productName = "influx-client";
			productReference = 202B0A35185F7EF4003424D5 /* influx-client.app */;
			productType = "com.apple.product-type.application";
		};
		202B0A4F185F7EF4003424D5 /* influx-clientTests */ = {
			isa = PBXNativeTarget;
			buildConfigurationList = 202B0A64185F7EF4003424D5 /* Build configuration list for PBXNativeTarget "influx-clientTests" */;
			buildPhases = (
				202B0A4C185F7EF4003424D5 /* Sources */,
				202B0A4D185F7EF4003424D5 /* Frameworks */,
				202B0A4E185F7EF4003424D5 /* Resources */,
			);
			buildRules = (
			);
			dependencies = (
				202B0A56185F7EF4003424D5 /* PBXTargetDependency */,
			);
			name = "influx-clientTests";
			productName = "influx-clientTests";
			productReference = 202B0A50185F7EF4003424D5 /* influx-clientTests.xctest */;
			productType = "com.apple.product-type.bundle.unit-test";
		};
/* End PBXNativeTarget section */

/* Begin PBXProject section */
		202B0A2D185F7EF4003424D5 /* Project object */ = {
			isa = PBXProject;
			attributes = {
				CLASSPREFIX = IC;
				LastUpgradeCheck = 0500;
				ORGANIZATIONNAME = ESRI;
				TargetAttributes = {
					202B0A34185F7EF4003424D5 = {
						SystemCapabilities = {
							com.apple.BackgroundModes = {
								enabled = 0;
							};
						};
					};
					202B0A4F185F7EF4003424D5 = {
						TestTargetID = 202B0A34185F7EF4003424D5;
					};
				};
			};
			buildConfigurationList = 202B0A30185F7EF4003424D5 /* Build configuration list for PBXProject "influx-client" */;
			compatibilityVersion = "Xcode 3.2";
			developmentRegion = English;
			hasScannedForEncodings = 0;
			knownRegions = (
				en,
				Base,
			);
			mainGroup = 202B0A2C185F7EF4003424D5;
			productRefGroup = 202B0A36185F7EF4003424D5 /* Products */;
			projectDirPath = "";
			projectRoot = "";
			targets = (
				202B0A34185F7EF4003424D5 /* influx-client */,
				202B0A4F185F7EF4003424D5 /* influx-clientTests */,
			);
		};
/* End PBXProject section */

/* Begin PBXResourcesBuildPhase section */
		202B0A33185F7EF4003424D5 /* Resources */ = {
			isa = PBXResourcesBuildPhase;
			buildActionMask = 2147483647;
			files = (
				2001C1EA1862339400BE9E8E /* Main.storyboard in Resources */,
				2001C20118623A1600BE9E8E /* Localizable.strings in Resources */,
				202B0A43185F7EF4003424D5 /* InfoPlist.strings in Resources */,
				202B0A4B185F7EF4003424D5 /* Images.xcassets in Resources */,
			);
			runOnlyForDeploymentPostprocessing = 0;
		};
		202B0A4E185F7EF4003424D5 /* Resources */ = {
			isa = PBXResourcesBuildPhase;
			buildActionMask = 2147483647;
			files = (
				202B0A5C185F7EF4003424D5 /* InfoPlist.strings in Resources */,
			);
			runOnlyForDeploymentPostprocessing = 0;
		};
/* End PBXResourcesBuildPhase section */

/* Begin PBXShellScriptBuildPhase section */
		5241172676464988832D67A8 /* Copy Pods Resources */ = {
			isa = PBXShellScriptBuildPhase;
			buildActionMask = 2147483647;
			files = (
			);
			inputPaths = (
			);
			name = "Copy Pods Resources";
			outputPaths = (
			);
			runOnlyForDeploymentPostprocessing = 0;
			shellPath = /bin/sh;
			shellScript = "\"${SRCROOT}/Pods/Pods-resources.sh\"\n";
			showEnvVarsInLog = 0;
		};
		C0BB3689F3514EDFBC85AAF4 /* Check Pods Manifest.lock */ = {
			isa = PBXShellScriptBuildPhase;
			buildActionMask = 2147483647;
			files = (
			);
			inputPaths = (
			);
			name = "Check Pods Manifest.lock";
			outputPaths = (
			);
			runOnlyForDeploymentPostprocessing = 0;
			shellPath = /bin/sh;
			shellScript = "diff \"${PODS_ROOT}/../Podfile.lock\" \"${PODS_ROOT}/Manifest.lock\" > /dev/null\nif [[ $? != 0 ]] ; then\n    cat << EOM\nerror: The sandbox is not in sync with the Podfile.lock. Run 'pod install' or update your CocoaPods installation.\nEOM\n    exit 1\nfi\n";
			showEnvVarsInLog = 0;
		};
/* End PBXShellScriptBuildPhase section */

/* Begin PBXSourcesBuildPhase section */
		202B0A31185F7EF4003424D5 /* Sources */ = {
			isa = PBXSourcesBuildPhase;
			buildActionMask = 2147483647;
			files = (
				2001C20818623E1F00BE9E8E /* ICInfluxDbClient.m in Sources */,
				2011797D1860DAAC008FEFC5 /* ICSendDatapointViewController.m in Sources */,
				202B0A49185F7EF4003424D5 /* ICAppDelegate.m in Sources */,
				20D0499C1863A52900BE12F6 /* ICURLConnectionDelegate.m in Sources */,
				202B0A45185F7EF4003424D5 /* main.m in Sources */,
			);
			runOnlyForDeploymentPostprocessing = 0;
		};
		202B0A4C185F7EF4003424D5 /* Sources */ = {
			isa = PBXSourcesBuildPhase;
			buildActionMask = 2147483647;
			files = (
				202B0A5E185F7EF4003424D5 /* influx_clientTests.m in Sources */,
			);
			runOnlyForDeploymentPostprocessing = 0;
		};
/* End PBXSourcesBuildPhase section */

/* Begin PBXTargetDependency section */
		202B0A56185F7EF4003424D5 /* PBXTargetDependency */ = {
			isa = PBXTargetDependency;
			target = 202B0A34185F7EF4003424D5 /* influx-client */;
			targetProxy = 202B0A55185F7EF4003424D5 /* PBXContainerItemProxy */;
		};
/* End PBXTargetDependency section */

/* Begin PBXVariantGroup section */
		2001C1EC1862339400BE9E8E /* Main.storyboard */ = {
			isa = PBXVariantGroup;
			children = (
				2001C1ED1862339B00BE9E8E /* Base */,
				2001C1F5186235FD00BE9E8E /* en */,
			);
			name = Main.storyboard;
			sourceTree = "<group>";
		};
		2001C20318623A1600BE9E8E /* Localizable.strings */ = {
			isa = PBXVariantGroup;
			children = (
				2001C20518623B4C00BE9E8E /* en */,
			);
			name = Localizable.strings;
			sourceTree = "<group>";
		};
		202B0A41185F7EF4003424D5 /* InfoPlist.strings */ = {
			isa = PBXVariantGroup;
			children = (
				202B0A42185F7EF4003424D5 /* en */,
			);
			name = InfoPlist.strings;
			sourceTree = "<group>";
		};
		202B0A5A185F7EF4003424D5 /* InfoPlist.strings */ = {
			isa = PBXVariantGroup;
			children = (
				202B0A5B185F7EF4003424D5 /* en */,
			);
			name = InfoPlist.strings;
			sourceTree = "<group>";
		};
/* End PBXVariantGroup section */

/* Begin XCBuildConfiguration section */
		202B0A5F185F7EF4003424D5 /* Debug */ = {
			isa = XCBuildConfiguration;
			buildSettings = {
				ALWAYS_SEARCH_USER_PATHS = NO;
				ARCHS = "$(ARCHS_STANDARD_INCLUDING_64_BIT)";
				CLANG_CXX_LANGUAGE_STANDARD = "gnu++0x";
				CLANG_CXX_LIBRARY = "libc++";
				CLANG_ENABLE_MODULES = YES;
				CLANG_ENABLE_OBJC_ARC = YES;
				CLANG_WARN_BOOL_CONVERSION = YES;
				CLANG_WARN_CONSTANT_CONVERSION = YES;
				CLANG_WARN_DIRECT_OBJC_ISA_USAGE = YES_ERROR;
				CLANG_WARN_EMPTY_BODY = YES;
				CLANG_WARN_ENUM_CONVERSION = YES;
				CLANG_WARN_INT_CONVERSION = YES;
				CLANG_WARN_OBJC_ROOT_CLASS = YES_ERROR;
				CLANG_WARN__DUPLICATE_METHOD_MATCH = YES;
				"CODE_SIGN_IDENTITY[sdk=iphoneos*]" = "iPhone Developer";
				COPY_PHASE_STRIP = NO;
				GCC_C_LANGUAGE_STANDARD = gnu99;
				GCC_DYNAMIC_NO_PIC = NO;
				GCC_OPTIMIZATION_LEVEL = 0;
				GCC_PREPROCESSOR_DEFINITIONS = (
					"DEBUG=1",
					"$(inherited)",
				);
				GCC_SYMBOLS_PRIVATE_EXTERN = NO;
				GCC_WARN_64_TO_32_BIT_CONVERSION = YES;
				GCC_WARN_ABOUT_RETURN_TYPE = YES_ERROR;
				GCC_WARN_UNDECLARED_SELECTOR = YES;
				GCC_WARN_UNINITIALIZED_AUTOS = YES;
				GCC_WARN_UNUSED_FUNCTION = YES;
				GCC_WARN_UNUSED_VARIABLE = YES;
				IPHONEOS_DEPLOYMENT_TARGET = 7.0;
				ONLY_ACTIVE_ARCH = YES;
				SDKROOT = iphoneos;
				TARGETED_DEVICE_FAMILY = "1,2";
			};
			name = Debug;
		};
		202B0A60185F7EF4003424D5 /* Release */ = {
			isa = XCBuildConfiguration;
			buildSettings = {
				ALWAYS_SEARCH_USER_PATHS = NO;
				ARCHS = "$(ARCHS_STANDARD_INCLUDING_64_BIT)";
				CLANG_CXX_LANGUAGE_STANDARD = "gnu++0x";
				CLANG_CXX_LIBRARY = "libc++";
				CLANG_ENABLE_MODULES = YES;
				CLANG_ENABLE_OBJC_ARC = YES;
				CLANG_WARN_BOOL_CONVERSION = YES;
				CLANG_WARN_CONSTANT_CONVERSION = YES;
				CLANG_WARN_DIRECT_OBJC_ISA_USAGE = YES_ERROR;
				CLANG_WARN_EMPTY_BODY = YES;
				CLANG_WARN_ENUM_CONVERSION = YES;
				CLANG_WARN_INT_CONVERSION = YES;
				CLANG_WARN_OBJC_ROOT_CLASS = YES_ERROR;
				CLANG_WARN__DUPLICATE_METHOD_MATCH = YES;
				"CODE_SIGN_IDENTITY[sdk=iphoneos*]" = "iPhone Developer";
				COPY_PHASE_STRIP = YES;
				ENABLE_NS_ASSERTIONS = NO;
				GCC_C_LANGUAGE_STANDARD = gnu99;
				GCC_WARN_64_TO_32_BIT_CONVERSION = YES;
				GCC_WARN_ABOUT_RETURN_TYPE = YES_ERROR;
				GCC_WARN_UNDECLARED_SELECTOR = YES;
				GCC_WARN_UNINITIALIZED_AUTOS = YES;
				GCC_WARN_UNUSED_FUNCTION = YES;
				GCC_WARN_UNUSED_VARIABLE = YES;
				IPHONEOS_DEPLOYMENT_TARGET = 7.0;
				SDKROOT = iphoneos;
				TARGETED_DEVICE_FAMILY = "1,2";
				VALIDATE_PRODUCT = YES;
			};
			name = Release;
		};
		202B0A62185F7EF4003424D5 /* Debug */ = {
			isa = XCBuildConfiguration;
			baseConfigurationReference = F0D9EE73990447BF819AAC11 /* Pods.xcconfig */;
			buildSettings = {
				ASSETCATALOG_COMPILER_APPICON_NAME = AppIcon;
				ASSETCATALOG_COMPILER_LAUNCHIMAGE_NAME = LaunchImage;
				GCC_PRECOMPILE_PREFIX_HEADER = YES;
				GCC_PREFIX_HEADER = "influx-client/influx-client-Prefix.pch";
				INFOPLIST_FILE = "influx-client/influx-client-Info.plist";
				PRODUCT_NAME = "$(TARGET_NAME)";
				WRAPPER_EXTENSION = app;
			};
			name = Debug;
		};
		202B0A63185F7EF4003424D5 /* Release */ = {
			isa = XCBuildConfiguration;
			baseConfigurationReference = F0D9EE73990447BF819AAC11 /* Pods.xcconfig */;
			buildSettings = {
				ASSETCATALOG_COMPILER_APPICON_NAME = AppIcon;
				ASSETCATALOG_COMPILER_LAUNCHIMAGE_NAME = LaunchImage;
				GCC_PRECOMPILE_PREFIX_HEADER = YES;
				GCC_PREFIX_HEADER = "influx-client/influx-client-Prefix.pch";
				INFOPLIST_FILE = "influx-client/influx-client-Info.plist";
				PRODUCT_NAME = "$(TARGET_NAME)";
				WRAPPER_EXTENSION = app;
			};
			name = Release;
		};
		202B0A65185F7EF4003424D5 /* Debug */ = {
			isa = XCBuildConfiguration;
			buildSettings = {
				ARCHS = "$(ARCHS_STANDARD_INCLUDING_64_BIT)";
				BUNDLE_LOADER = "$(BUILT_PRODUCTS_DIR)/influx-client.app/influx-client";
				FRAMEWORK_SEARCH_PATHS = (
					"$(SDKROOT)/Developer/Library/Frameworks",
					"$(inherited)",
					"$(DEVELOPER_FRAMEWORKS_DIR)",
				);
				GCC_PRECOMPILE_PREFIX_HEADER = YES;
				GCC_PREFIX_HEADER = "influx-client/influx-client-Prefix.pch";
				GCC_PREPROCESSOR_DEFINITIONS = (
					"DEBUG=1",
					"$(inherited)",
				);
				INFOPLIST_FILE = "influx-clientTests/influx-clientTests-Info.plist";
				PRODUCT_NAME = "$(TARGET_NAME)";
				TEST_HOST = "$(BUNDLE_LOADER)";
				WRAPPER_EXTENSION = xctest;
			};
			name = Debug;
		};
		202B0A66185F7EF4003424D5 /* Release */ = {
			isa = XCBuildConfiguration;
			buildSettings = {
				ARCHS = "$(ARCHS_STANDARD_INCLUDING_64_BIT)";
				BUNDLE_LOADER = "$(BUILT_PRODUCTS_DIR)/influx-client.app/influx-client";
				FRAMEWORK_SEARCH_PATHS = (
					"$(SDKROOT)/Developer/Library/Frameworks",
					"$(inherited)",
					"$(DEVELOPER_FRAMEWORKS_DIR)",
				);
				GCC_PRECOMPILE_PREFIX_HEADER = YES;
				GCC_PREFIX_HEADER = "influx-client/influx-client-Prefix.pch";
				INFOPLIST_FILE = "influx-clientTests/influx-clientTests-Info.plist";
				PRODUCT_NAME = "$(TARGET_NAME)";
				TEST_HOST = "$(BUNDLE_LOADER)";
				WRAPPER_EXTENSION = xctest;
			};
			name = Release;
		};
/* End XCBuildConfiguration section */

/* Begin XCConfigurationList section */
		202B0A30185F7EF4003424D5 /* Build configuration list for PBXProject "influx-client" */ = {
			isa = XCConfigurationList;
			buildConfigurations = (
				202B0A5F185F7EF4003424D5 /* Debug */,
				202B0A60185F7EF4003424D5 /* Release */,
			);
			defaultConfigurationIsVisible = 0;
			defaultConfigurationName = Release;
		};
		202B0A61185F7EF4003424D5 /* Build configuration list for PBXNativeTarget "influx-client" */ = {
			isa = XCConfigurationList;
			buildConfigurations = (
				202B0A62185F7EF4003424D5 /* Debug */,
				202B0A63185F7EF4003424D5 /* Release */,
			);
			defaultConfigurationIsVisible = 0;
			defaultConfigurationName = Release;
		};
		202B0A64185F7EF4003424D5 /* Build configuration list for PBXNativeTarget "influx-clientTests" */ = {
			isa = XCConfigurationList;
			buildConfigurations = (
				202B0A65185F7EF4003424D5 /* Debug */,
				202B0A66185F7EF4003424D5 /* Release */,
			);
			defaultConfigurationIsVisible = 0;
			defaultConfigurationName = Release;
		};
/* End XCConfigurationList section */
	};
	rootObject = 202B0A2D185F7EF4003424D5 /* Project object */;
}
